<?xml version="1.0" encoding="utf-8"?>
<Project ToolsVersion="4.0" xmlns="http://schemas.microsoft.com/developer/msbuild/2003">
  <ItemGroup>
    <ClInclude Include="pch.h">
      <Filter>Main</Filter>
    </ClInclude>
    <ClInclude Include="Instance.h">
      <Filter>Engine\Instance</Filter>
    </ClInclude>
    <ClInclude Include="Macro.h">
      <Filter>Main</Filter>
    </ClInclude>
    <ClInclude Include="Engine.h">
      <Filter>Engine</Filter>
    </ClInclude>
    <ClInclude Include="Surface.h">
      <Filter>Engine\Surface</Filter>
    </ClInclude>
    <ClInclude Include="Device.h">
      <Filter>Engine\Device</Filter>
    </ClInclude>
    <ClInclude Include="SurfaceSupportDetails.h">
      <Filter>Engine\Device\SurfaceSupportDetails</Filter>
    </ClInclude>
    <ClInclude Include="QueueFamilyIndices.h">
      <Filter>Engine\Device\QueueFamilyIndices</Filter>
    </ClInclude>
    <ClInclude Include="Image.h">
      <Filter>Engine\Images</Filter>
    </ClInclude>
    <ClInclude Include="SwapChainImage.h">
      <Filter>Engine\Images</Filter>
    </ClInclude>
    <ClInclude Include="TextureImage.h">
      <Filter>Engine\Images</Filter>
    </ClInclude>
    <ClInclude Include="Buffer.h">
      <Filter>Engine\Buffers</Filter>
    </ClInclude>
    <ClInclude Include="StagingBuffer.h">
      <Filter>Engine\Buffers</Filter>
    </ClInclude>
    <ClInclude Include="SwapChain.h">
      <Filter>Engine\SwapChain</Filter>
    </ClInclude>
    <ClInclude Include="general.h">
      <Filter>General</Filter>
    </ClInclude>
    <ClInclude Include="android_native_app_glue.h">
      <Filter>General\Android</Filter>
    </ClInclude>
    <ClInclude Include="vulkan_wrapper.h">
      <Filter>General\Vulkan</Filter>
    </ClInclude>
    <ClInclude Include="RenderPass.h">
      <Filter>Engine\RenderPasses</Filter>
    </ClInclude>
    <ClInclude Include="MainRenderPass.h">
      <Filter>Engine\RenderPasses</Filter>
    </ClInclude>
    <ClInclude Include="DescriptorPool.h">
      <Filter>Engine\DescriptorPool</Filter>
    </ClInclude>
    <ClInclude Include="AssetManager.h">
      <Filter>General\Android</Filter>
    </ClInclude>
    <ClInclude Include="GraphicsPipeline.h">
      <Filter>Engine\Pipelines</Filter>
    </ClInclude>
    <ClInclude Include="ShaderModule.h">
      <Filter>Engine\ShaderModule</Filter>
    </ClInclude>
    <ClInclude Include="Vertex.h">
      <Filter>Engine\Vertex</Filter>
    </ClInclude>
  </ItemGroup>
  <ItemGroup>
    <ClCompile Include="main.cpp">
      <Filter>Main</Filter>
    </ClCompile>
    <ClCompile Include="Instance.cpp">
      <Filter>Engine\Instance</Filter>
    </ClCompile>
    <ClCompile Include="Engine.cpp">
      <Filter>Engine</Filter>
    </ClCompile>
    <ClCompile Include="Surface.cpp">
      <Filter>Engine\Surface</Filter>
    </ClCompile>
    <ClCompile Include="Device.cpp">
      <Filter>Engine\Device</Filter>
    </ClCompile>
    <ClCompile Include="SurfaceSupportDetails.cpp">
      <Filter>Engine\Device\SurfaceSupportDetails</Filter>
    </ClCompile>
    <ClCompile Include="QueueFamilyIndices.cpp">
      <Filter>Engine\Device\QueueFamilyIndices</Filter>
    </ClCompile>
    <ClCompile Include="Image.cpp">
      <Filter>Engine\Images</Filter>
    </ClCompile>
    <ClCompile Include="SwapChainImage.cpp">
      <Filter>Engine\Images</Filter>
    </ClCompile>
    <ClCompile Include="TextureImage.cpp">
      <Filter>Engine\Images</Filter>
    </ClCompile>
    <ClCompile Include="Buffer.cpp">
      <Filter>Engine\Buffers</Filter>
    </ClCompile>
    <ClCompile Include="StagingBuffer.cpp">
      <Filter>Engine\Buffers</Filter>
    </ClCompile>
    <ClCompile Include="SwapChain.cpp">
      <Filter>Engine\SwapChain</Filter>
    </ClCompile>
    <ClCompile Include="general.cpp">
      <Filter>General</Filter>
    </ClCompile>
    <ClCompile Include="android_native_app_glue.c">
      <Filter>General\Android</Filter>
    </ClCompile>
    <ClCompile Include="vulkan_wrapper.cpp">
      <Filter>General\Vulkan</Filter>
    </ClCompile>
    <ClCompile Include="RenderPass.cpp">
      <Filter>Engine\RenderPasses</Filter>
    </ClCompile>
    <ClCompile Include="MainRenderPass.cpp">
      <Filter>Engine\RenderPasses</Filter>
    </ClCompile>
    <ClCompile Include="DescriptorPool.cpp">
      <Filter>Engine\DescriptorPool</Filter>
    </ClCompile>
    <ClCompile Include="AssetManager.cpp">
      <Filter>General\Android</Filter>
    </ClCompile>
    <ClCompile Include="GraphicsPipeline.cpp">
      <Filter>Engine\Pipelines</Filter>
    </ClCompile>
    <ClCompile Include="ShaderModule.cpp">
      <Filter>Engine\ShaderModule</Filter>
    </ClCompile>
    <ClCompile Include="Vertex.cpp">
      <Filter>Engine\Vertex</Filter>
    </ClCompile>
  </ItemGroup>
  <ItemGroup>
    <Filter Include="Main">
      <UniqueIdentifier>{5cca6fed-5e28-4785-aa62-7d37f7de9c0a}</UniqueIdentifier>
    </Filter>
    <Filter Include="Engine">
      <UniqueIdentifier>{bb3f5770-dc6b-4098-9d1f-a95dfdf54593}</UniqueIdentifier>
    </Filter>
    <Filter Include="Engine\Instance">
      <UniqueIdentifier>{d282d704-7070-4a73-8611-c4ad4822a518}</UniqueIdentifier>
    </Filter>
    <Filter Include="Engine\Surface">
      <UniqueIdentifier>{cd81467c-e8f6-45bb-8c43-656ea6c12cdc}</UniqueIdentifier>
    </Filter>
    <Filter Include="Engine\Device">
      <UniqueIdentifier>{ceea7941-a18b-4920-9f4f-1068ebba7c32}</UniqueIdentifier>
    </Filter>
    <Filter Include="Engine\Device\SurfaceSupportDetails">
      <UniqueIdentifier>{927df72a-a38d-4840-927c-bac019607a99}</UniqueIdentifier>
    </Filter>
    <Filter Include="Engine\Device\QueueFamilyIndices">
      <UniqueIdentifier>{539419c8-9b79-4415-bf53-ad4980ccf0e8}</UniqueIdentifier>
    </Filter>
    <Filter Include="Engine\Images">
      <UniqueIdentifier>{42cf9e21-2b5d-4b52-b5e6-575a3235055e}</UniqueIdentifier>
    </Filter>
    <Filter Include="Engine\Buffers">
      <UniqueIdentifier>{3837a656-983b-40b5-b724-4e136a56fe34}</UniqueIdentifier>
    </Filter>
    <Filter Include="Engine\SwapChain">
      <UniqueIdentifier>{5cd65a9a-9e0b-4485-b1e8-be2ee13957fc}</UniqueIdentifier>
    </Filter>
    <Filter Include="General">
      <UniqueIdentifier>{2bb6fbd1-438d-481f-9fe3-2c892b858b7b}</UniqueIdentifier>
    </Filter>
    <Filter Include="General\Android">
      <UniqueIdentifier>{e863f993-0c82-489a-ad04-44d79a75e56f}</UniqueIdentifier>
    </Filter>
    <Filter Include="General\Vulkan">
      <UniqueIdentifier>{9bb518d8-1dc3-4a5c-9f46-c21265b58932}</UniqueIdentifier>
    </Filter>
    <Filter Include="Engine\RenderPasses">
      <UniqueIdentifier>{2ebcd2a5-c415-45be-abd0-161d28e63eab}</UniqueIdentifier>
    </Filter>
    <Filter Include="Engine\DescriptorPool">
      <UniqueIdentifier>{c859c8b5-fd46-4f15-930b-7279d1550579}</UniqueIdentifier>
    </Filter>
    <Filter Include="Engine\Pipelines">
      <UniqueIdentifier>{29bc6133-1d57-4bda-88ba-c9791b839d8a}</UniqueIdentifier>
    </Filter>
    <Filter Include="Engine\ShaderModule">
      <UniqueIdentifier>{be2ddf0f-4a3d-4311-877a-9d8a3b02aeb7}</UniqueIdentifier>
    </Filter>
    <Filter Include="Engine\Vertex">
      <UniqueIdentifier>{b80b7609-5e7e-4967-9b5c-6968b04619a7}</UniqueIdentifier>
    </Filter>
  </ItemGroup>
</Project>